
Microsoft Visual Studio Solution File, Format Version 12.00
# Visual Studio Version 16
VisualStudioVersion = 16.0.30717.126
MinimumVisualStudioVersion = 10.0.40219.1
Project("{FAE04EC0-301F-11D3-BF4B-00C04F79EFBC}") = "ExcelAddIn1", "ExcelAddIn1\ExcelAddIn1.csproj", "{454E8A8E-8E2C-4166-9F97-90C24D0B672C}"
EndProject
Global
	GlobalSection(SolutionConfigurationPlatforms) = preSolution
		Debug|Any CPU = Debug|Any CPU
		Release|Any CPU = Release|Any CPU
	EndGlobalSection
	GlobalSection(ProjectConfigurationPlatforms) = postSolution
		{454E8A8E-8E2C-4166-9F97-90C24D0B672C}.Debug|Any CPU.ActiveCfg = Debug|Any CPU
		{454E8A8E-8E2C-4166-9F97-90C24D0B672C}.Debug|Any CPU.Build.0 = Debug|Any CPU
		{454E8A8E-8E2C-4166-9F97-90C24D0B672C}.Release|Any CPU.ActiveCfg = Release|Any CPU
		{454E8A8E-8E2C-4166-9F97-90C24D0B672C}.Release|Any CPU.Build.0 = Release|Any CPU
	EndGlobalSection
	GlobalSection(SolutionProperties) = preSolution
		HideSolutionNode = FALSE
	EndGlobalSection
	GlobalSection(ExtensibilityGlobals) = postSolution
		SolutionGuid = {6422A391-0CC2-464C-8A3A-D8AD83EB267F}
	EndGlobalSection
EndGlobal
